{
  "name": "static",
  "version": "1.0.0",
  "lockfileVersion": 1,
  "requires": true,
  "dependencies": {
    "datatables.net": {
      "version": "1.10.20",
      "resolved": "https://registry.npmjs.org/datatables.net/-/datatables.net-1.10.20.tgz",
      "integrity": "sha512-4E4S7tTU607N3h0fZPkGmAtr9mwy462u+VJ6gxYZ8MxcRIjZqHy3Dv1GNry7i3zQCktTdWbULVKBbkAJkuHEnQ==",
      "requires": {
        "jquery": ">=1.7"
      }
    },
    "datatables.net-se": {
      "version": "1.10.20",
      "resolved": "https://registry.npmjs.org/datatables.net-se/-/datatables.net-se-1.10.20.tgz",
      "integrity": "sha512-LUQ5PAq6Pw9jp9ZaPxVF4ALIMn/V3ptdWYYsw3UNJ+fSOIV5GbQSjSTtbe1F/8yvS9Ryc8xsVfB1g4ZezFgmvw==",
      "requires": {
        "datatables.net": "1.10.20",
        "jquery": ">=1.7"
      }
    },
    "jquery": {
      "version": "3.1.1",
      "resolved": "https://registry.npmjs.org/jquery/-/jquery-3.1.1.tgz",
      "integrity": "sha1-NHwcIcfgBBFeCk2jLOzgQfrTyKM="
    }
  }
}
